
Microsoft Visual Studio Solution File, Format Version 12.00
# Visual Studio 2013
VisualStudioVersion = 12.0.30723.0
MinimumVisualStudioVersion = 10.0.40219.1
Project("{8BC9CEB8-8B4A-11D0-8D11-00A0C91BC942}") = "DirectInput8", "DirectInput8\build\win32\vc10\DirectInput8.vcxproj", "{71E4B7C8-E8BA-48C5-91AA-1E1AB490C88E}"
EndProject
Project("{8BC9CEB8-8B4A-11D0-8D11-00A0C91BC942}") = "Direct3D9", "Direct3D9\build\win32\vc10\Direct3D9.vcxproj", "{7D2E9086-665E-4ED5-AE85-EBCC8970E1BF}"
EndProject
Project("{8BC9CEB8-8B4A-11D0-8D11-00A0C91BC942}") = "Direct3D11", "Direct3D11\build\win32\vc12\Direct3D11.vcxproj", "{6FD4B4DC-530F-4B6E-8508-97D004B2F923}"
EndProject
Global
	GlobalSection(SolutionConfigurationPlatforms) = preSolution
		Debug|Win32 = Debug|Win32
		Release|Win32 = Release|Win32
	EndGlobalSection
	GlobalSection(ProjectConfigurationPlatforms) = postSolution
		{71E4B7C8-E8BA-48C5-91AA-1E1AB490C88E}.Debug|Win32.ActiveCfg = Debug|Win32
		{71E4B7C8-E8BA-48C5-91AA-1E1AB490C88E}.Release|Win32.ActiveCfg = Release|Win32
		{71E4B7C8-E8BA-48C5-91AA-1E1AB490C88E}.Release|Win32.Build.0 = Release|Win32
		{7D2E9086-665E-4ED5-AE85-EBCC8970E1BF}.Debug|Win32.ActiveCfg = Debug|Win32
		{7D2E9086-665E-4ED5-AE85-EBCC8970E1BF}.Release|Win32.ActiveCfg = Release|Win32
		{7D2E9086-665E-4ED5-AE85-EBCC8970E1BF}.Release|Win32.Build.0 = Release|Win32
		{6FD4B4DC-530F-4B6E-8508-97D004B2F923}.Debug|Win32.ActiveCfg = Debug|Win32
		{6FD4B4DC-530F-4B6E-8508-97D004B2F923}.Debug|Win32.Build.0 = Debug|Win32
		{6FD4B4DC-530F-4B6E-8508-97D004B2F923}.Release|Win32.ActiveCfg = Release|Win32
		{6FD4B4DC-530F-4B6E-8508-97D004B2F923}.Release|Win32.Build.0 = Release|Win32
	EndGlobalSection
	GlobalSection(SolutionProperties) = preSolution
		HideSolutionNode = FALSE
	EndGlobalSection
	GlobalSection(PerforceSourceControlProviderSolutionProperties) = preSolution
		SolutionIsControlled = True
	EndGlobalSection
	GlobalSection(PerforceSourceControlProviderSolutionProperties) = preSolution
		SolutionIsControlled = True
	EndGlobalSection
	GlobalSection(PerforceSourceControlProviderSolutionProperties) = preSolution
		SolutionIsControlled = True
	EndGlobalSection
EndGlobal
