
Microsoft Visual Studio Solution File, Format Version 12.00
# Visual Studio 2013
VisualStudioVersion = 12.0.31101.0
MinimumVisualStudioVersion = 10.0.40219.1
Project("{2150E333-8FDC-42A3-9474-1A3956D46DE8}") = "ThirdParty", "ThirdParty", "{9217CC8B-2F8F-49E4-A694-0277E7CC0EED}"
EndProject
Project("{8BC9CEB8-8B4A-11D0-8D11-00A0C91BC942}") = "Animation", "tech\Animation\build\win32\VC10\Animation.vcxproj", "{DF1C047C-31A1-48A2-987D-F190C66A3DFD}"
EndProject
Project("{8BC9CEB8-8B4A-11D0-8D11-00A0C91BC942}") = "Audio", "tech\Audio\build\win32\VC10\Audio.vcxproj", "{743BADFB-A534-48B9-BC3A-67A9A6E1A312}"
EndProject
Project("{8BC9CEB8-8B4A-11D0-8D11-00A0C91BC942}") = "Game", "tech\Game\build\win32\VC10\Game.vcxproj", "{37507FF8-9F71-4DEF-BF67-E5467A73509C}"
EndProject
Project("{8BC9CEB8-8B4A-11D0-8D11-00A0C91BC942}") = "Gfx", "tech\Gfx\build\win32\VC10\Gfx.vcxproj", "{70A11368-0D0D-41E1-8859-24E6F10A6BB4}"
EndProject
Project("{8BC9CEB8-8B4A-11D0-8D11-00A0C91BC942}") = "Math", "tech\Math\build\win32\VC10\Math.vcxproj", "{2102BE64-FD0B-493B-A2BB-4C41B594E817}"
EndProject
Project("{8BC9CEB8-8B4A-11D0-8D11-00A0C91BC942}") = "Memory", "tech\Memory\build\win32\VC10\Memory.vcxproj", "{94C9D950-1C28-40A7-B179-B072FC54639A}"
EndProject
Project("{8BC9CEB8-8B4A-11D0-8D11-00A0C91BC942}") = "Network", "tech\Network\build\win32\VC10\Network.vcxproj", "{DAFCB65C-9779-428C-83BB-9326C3F1F20F}"
EndProject
Project("{8BC9CEB8-8B4A-11D0-8D11-00A0C91BC942}") = "Physics", "tech\Physics\build\win32\VC10\Physics.vcxproj", "{5966CDF9-D58F-41B7-8532-73AEB0CED55F}"
EndProject
Project("{8BC9CEB8-8B4A-11D0-8D11-00A0C91BC942}") = "Ragdoll", "tech\Ragdoll\build\win32\VC10\Ragdoll.vcxproj", "{43966C59-ED53-4999-ACCE-B0C728FFABD3}"
EndProject
Project("{8BC9CEB8-8B4A-11D0-8D11-00A0C91BC942}") = "Reflection", "tech\Reflection\build\win32\VC10\Reflection.vcxproj", "{CFCF1B6C-C2EA-4C1B-8592-9B4670A92444}"
EndProject
Project("{8BC9CEB8-8B4A-11D0-8D11-00A0C91BC942}") = "Script", "tech\Script\build\win32\VC10\Script.vcxproj", "{ADFF21D7-90EB-4F22-83F4-888B14DCB06A}"
EndProject
Project("{8BC9CEB8-8B4A-11D0-8D11-00A0C91BC942}") = "Stream", "tech\Stream\build\win32\VC10\Stream.vcxproj", "{4180E96C-EBBE-4C1B-BECC-EE512F6CD32A}"
EndProject
Project("{8BC9CEB8-8B4A-11D0-8D11-00A0C91BC942}") = "Thread", "tech\Thread\build\win32\VC10\Thread.vcxproj", "{60ADE610-DEDA-43B8-A37C-9AA7AC74884A}"
EndProject
Project("{8BC9CEB8-8B4A-11D0-8D11-00A0C91BC942}") = "UI", "tech\UI\build\win32\VC10\UI.vcxproj", "{33DEE804-9007-458D-9812-E202A85C853A}"
EndProject
Project("{8BC9CEB8-8B4A-11D0-8D11-00A0C91BC942}") = "Util", "tech\Util\build\win32\VC10\Util.vcxproj", "{618DD3DF-B23D-4BFB-9383-E5158DAE9DE9}"
EndProject
Project("{8BC9CEB8-8B4A-11D0-8D11-00A0C91BC942}") = "VFX", "tech\VFX\build\win32\VC10\VFX.vcxproj", "{36FE1736-7E58-424D-8380-47EA6D9C7B5F}"
EndProject
Project("{8BC9CEB8-8B4A-11D0-8D11-00A0C91BC942}") = "Lua", "tech\ThirdParty\Lua\build\win32\VC10\Lua.vcxproj", "{904E80D8-7E07-4335-B6CE-6AD985BE8052}"
EndProject
Project("{8BC9CEB8-8B4A-11D0-8D11-00A0C91BC942}") = "tinyxml", "tech\ThirdParty\tinyxml\build\win32\VC10\tinyxml_lib.vcxproj", "{C406DAEC-0886-4771-8DEA-9D7329B46CC1}"
EndProject
Project("{8BC9CEB8-8B4A-11D0-8D11-00A0C91BC942}") = "Asset", "tech\Asset\build\win32\VC10\Asset.vcxproj", "{4453688A-6B15-4A9F-BA5A-0D33111B0D65}"
EndProject
Project("{8BC9CEB8-8B4A-11D0-8D11-00A0C91BC942}") = "Package", "tech\Package\build\win32\VC10\Package.vcxproj", "{B5A1C027-5488-488A-8158-420F90E3745C}"
EndProject
Project("{8BC9CEB8-8B4A-11D0-8D11-00A0C91BC942}") = "Core", "tech\Core\build\win32\VC10\Core.vcxproj", "{621ECA23-61F4-4EE1-B778-0C764E0D1CD3}"
EndProject
Global
	GlobalSection(SolutionConfigurationPlatforms) = preSolution
		Debug|Win32 = Debug|Win32
		Debug|Win64 = Debug|Win64
		Release|Win32 = Release|Win32
		Release|Win64 = Release|Win64
	EndGlobalSection
	GlobalSection(ProjectConfigurationPlatforms) = postSolution
		{DF1C047C-31A1-48A2-987D-F190C66A3DFD}.Debug|Win32.ActiveCfg = Debug|Win32
		{DF1C047C-31A1-48A2-987D-F190C66A3DFD}.Debug|Win64.ActiveCfg = Debug|Win32
		{DF1C047C-31A1-48A2-987D-F190C66A3DFD}.Debug|Win64.Build.0 = Debug|Win32
		{DF1C047C-31A1-48A2-987D-F190C66A3DFD}.Release|Win32.ActiveCfg = Release|Win32
		{DF1C047C-31A1-48A2-987D-F190C66A3DFD}.Release|Win64.ActiveCfg = Release|Win32
		{743BADFB-A534-48B9-BC3A-67A9A6E1A312}.Debug|Win32.ActiveCfg = Debug|Win32
		{743BADFB-A534-48B9-BC3A-67A9A6E1A312}.Debug|Win64.ActiveCfg = Debug|Win32
		{743BADFB-A534-48B9-BC3A-67A9A6E1A312}.Debug|Win64.Build.0 = Debug|Win32
		{743BADFB-A534-48B9-BC3A-67A9A6E1A312}.Release|Win32.ActiveCfg = Release|Win32
		{743BADFB-A534-48B9-BC3A-67A9A6E1A312}.Release|Win64.ActiveCfg = Release|Win32
		{37507FF8-9F71-4DEF-BF67-E5467A73509C}.Debug|Win32.ActiveCfg = Debug|Win32
		{37507FF8-9F71-4DEF-BF67-E5467A73509C}.Debug|Win32.Build.0 = Debug|Win32
		{37507FF8-9F71-4DEF-BF67-E5467A73509C}.Debug|Win64.ActiveCfg = Debug|Win32
		{37507FF8-9F71-4DEF-BF67-E5467A73509C}.Debug|Win64.Build.0 = Debug|Win32
		{37507FF8-9F71-4DEF-BF67-E5467A73509C}.Release|Win32.ActiveCfg = Release|Win32
		{37507FF8-9F71-4DEF-BF67-E5467A73509C}.Release|Win32.Build.0 = Release|Win32
		{37507FF8-9F71-4DEF-BF67-E5467A73509C}.Release|Win64.ActiveCfg = Release|Win32
		{70A11368-0D0D-41E1-8859-24E6F10A6BB4}.Debug|Win32.ActiveCfg = Debug|Win32
		{70A11368-0D0D-41E1-8859-24E6F10A6BB4}.Debug|Win32.Build.0 = Debug|Win32
		{70A11368-0D0D-41E1-8859-24E6F10A6BB4}.Debug|Win64.ActiveCfg = Debug|Win32
		{70A11368-0D0D-41E1-8859-24E6F10A6BB4}.Debug|Win64.Build.0 = Debug|Win32
		{70A11368-0D0D-41E1-8859-24E6F10A6BB4}.Release|Win32.ActiveCfg = Release|Win32
		{70A11368-0D0D-41E1-8859-24E6F10A6BB4}.Release|Win32.Build.0 = Release|Win32
		{70A11368-0D0D-41E1-8859-24E6F10A6BB4}.Release|Win64.ActiveCfg = Release|Win32
		{2102BE64-FD0B-493B-A2BB-4C41B594E817}.Debug|Win32.ActiveCfg = Debug|Win32
		{2102BE64-FD0B-493B-A2BB-4C41B594E817}.Debug|Win32.Build.0 = Debug|Win32
		{2102BE64-FD0B-493B-A2BB-4C41B594E817}.Debug|Win64.ActiveCfg = Debug|Win32
		{2102BE64-FD0B-493B-A2BB-4C41B594E817}.Debug|Win64.Build.0 = Debug|Win32
		{2102BE64-FD0B-493B-A2BB-4C41B594E817}.Release|Win32.ActiveCfg = Release|Win32
		{2102BE64-FD0B-493B-A2BB-4C41B594E817}.Release|Win32.Build.0 = Release|Win32
		{2102BE64-FD0B-493B-A2BB-4C41B594E817}.Release|Win64.ActiveCfg = Release|Win32
		{94C9D950-1C28-40A7-B179-B072FC54639A}.Debug|Win32.ActiveCfg = Debug|Win32
		{94C9D950-1C28-40A7-B179-B072FC54639A}.Debug|Win32.Build.0 = Debug|Win32
		{94C9D950-1C28-40A7-B179-B072FC54639A}.Debug|Win64.ActiveCfg = Debug|Win32
		{94C9D950-1C28-40A7-B179-B072FC54639A}.Debug|Win64.Build.0 = Debug|Win32
		{94C9D950-1C28-40A7-B179-B072FC54639A}.Release|Win32.ActiveCfg = Release|Win32
		{94C9D950-1C28-40A7-B179-B072FC54639A}.Release|Win32.Build.0 = Release|Win32
		{94C9D950-1C28-40A7-B179-B072FC54639A}.Release|Win64.ActiveCfg = Release|Win32
		{DAFCB65C-9779-428C-83BB-9326C3F1F20F}.Debug|Win32.ActiveCfg = Debug|Win32
		{DAFCB65C-9779-428C-83BB-9326C3F1F20F}.Debug|Win64.ActiveCfg = Debug|Win32
		{DAFCB65C-9779-428C-83BB-9326C3F1F20F}.Debug|Win64.Build.0 = Debug|Win32
		{DAFCB65C-9779-428C-83BB-9326C3F1F20F}.Release|Win32.ActiveCfg = Release|Win32
		{DAFCB65C-9779-428C-83BB-9326C3F1F20F}.Release|Win64.ActiveCfg = Release|Win32
		{5966CDF9-D58F-41B7-8532-73AEB0CED55F}.Debug|Win32.ActiveCfg = Debug|Win32
		{5966CDF9-D58F-41B7-8532-73AEB0CED55F}.Debug|Win64.ActiveCfg = Debug|Win32
		{5966CDF9-D58F-41B7-8532-73AEB0CED55F}.Debug|Win64.Build.0 = Debug|Win32
		{5966CDF9-D58F-41B7-8532-73AEB0CED55F}.Release|Win32.ActiveCfg = Release|Win32
		{5966CDF9-D58F-41B7-8532-73AEB0CED55F}.Release|Win64.ActiveCfg = Release|Win32
		{43966C59-ED53-4999-ACCE-B0C728FFABD3}.Debug|Win32.ActiveCfg = Debug|Win32
		{43966C59-ED53-4999-ACCE-B0C728FFABD3}.Debug|Win64.ActiveCfg = Debug|Win32
		{43966C59-ED53-4999-ACCE-B0C728FFABD3}.Debug|Win64.Build.0 = Debug|Win32
		{43966C59-ED53-4999-ACCE-B0C728FFABD3}.Release|Win32.ActiveCfg = Release|Win32
		{43966C59-ED53-4999-ACCE-B0C728FFABD3}.Release|Win64.ActiveCfg = Release|Win32
		{CFCF1B6C-C2EA-4C1B-8592-9B4670A92444}.Debug|Win32.ActiveCfg = Debug|Win32
		{CFCF1B6C-C2EA-4C1B-8592-9B4670A92444}.Debug|Win32.Build.0 = Debug|Win32
		{CFCF1B6C-C2EA-4C1B-8592-9B4670A92444}.Debug|Win64.ActiveCfg = Debug|Win32
		{CFCF1B6C-C2EA-4C1B-8592-9B4670A92444}.Debug|Win64.Build.0 = Debug|Win32
		{CFCF1B6C-C2EA-4C1B-8592-9B4670A92444}.Release|Win32.ActiveCfg = Release|Win32
		{CFCF1B6C-C2EA-4C1B-8592-9B4670A92444}.Release|Win32.Build.0 = Release|Win32
		{CFCF1B6C-C2EA-4C1B-8592-9B4670A92444}.Release|Win64.ActiveCfg = Release|Win32
		{ADFF21D7-90EB-4F22-83F4-888B14DCB06A}.Debug|Win32.ActiveCfg = Debug|Win32
		{ADFF21D7-90EB-4F22-83F4-888B14DCB06A}.Debug|Win64.ActiveCfg = Debug|Win32
		{ADFF21D7-90EB-4F22-83F4-888B14DCB06A}.Debug|Win64.Build.0 = Debug|Win32
		{ADFF21D7-90EB-4F22-83F4-888B14DCB06A}.Release|Win32.ActiveCfg = Release|Win32
		{ADFF21D7-90EB-4F22-83F4-888B14DCB06A}.Release|Win64.ActiveCfg = Release|Win32
		{4180E96C-EBBE-4C1B-BECC-EE512F6CD32A}.Debug|Win32.ActiveCfg = Debug|Win32
		{4180E96C-EBBE-4C1B-BECC-EE512F6CD32A}.Debug|Win32.Build.0 = Debug|Win32
		{4180E96C-EBBE-4C1B-BECC-EE512F6CD32A}.Debug|Win64.ActiveCfg = Debug|Win32
		{4180E96C-EBBE-4C1B-BECC-EE512F6CD32A}.Debug|Win64.Build.0 = Debug|Win32
		{4180E96C-EBBE-4C1B-BECC-EE512F6CD32A}.Release|Win32.ActiveCfg = Release|Win32
		{4180E96C-EBBE-4C1B-BECC-EE512F6CD32A}.Release|Win32.Build.0 = Release|Win32
		{4180E96C-EBBE-4C1B-BECC-EE512F6CD32A}.Release|Win64.ActiveCfg = Release|Win32
		{60ADE610-DEDA-43B8-A37C-9AA7AC74884A}.Debug|Win32.ActiveCfg = Debug|Win32
		{60ADE610-DEDA-43B8-A37C-9AA7AC74884A}.Debug|Win32.Build.0 = Debug|Win32
		{60ADE610-DEDA-43B8-A37C-9AA7AC74884A}.Debug|Win64.ActiveCfg = Debug|Win32
		{60ADE610-DEDA-43B8-A37C-9AA7AC74884A}.Debug|Win64.Build.0 = Debug|Win32
		{60ADE610-DEDA-43B8-A37C-9AA7AC74884A}.Release|Win32.ActiveCfg = Release|Win32
		{60ADE610-DEDA-43B8-A37C-9AA7AC74884A}.Release|Win32.Build.0 = Release|Win32
		{60ADE610-DEDA-43B8-A37C-9AA7AC74884A}.Release|Win64.ActiveCfg = Release|Win32
		{33DEE804-9007-458D-9812-E202A85C853A}.Debug|Win32.ActiveCfg = Debug|Win32
		{33DEE804-9007-458D-9812-E202A85C853A}.Debug|Win64.ActiveCfg = Debug|Win32
		{33DEE804-9007-458D-9812-E202A85C853A}.Debug|Win64.Build.0 = Debug|Win32
		{33DEE804-9007-458D-9812-E202A85C853A}.Release|Win32.ActiveCfg = Release|Win32
		{33DEE804-9007-458D-9812-E202A85C853A}.Release|Win64.ActiveCfg = Release|Win32
		{618DD3DF-B23D-4BFB-9383-E5158DAE9DE9}.Debug|Win32.ActiveCfg = Debug|Win32
		{618DD3DF-B23D-4BFB-9383-E5158DAE9DE9}.Debug|Win32.Build.0 = Debug|Win32
		{618DD3DF-B23D-4BFB-9383-E5158DAE9DE9}.Debug|Win64.ActiveCfg = Debug|Win32
		{618DD3DF-B23D-4BFB-9383-E5158DAE9DE9}.Debug|Win64.Build.0 = Debug|Win32
		{618DD3DF-B23D-4BFB-9383-E5158DAE9DE9}.Release|Win32.ActiveCfg = Release|Win32
		{618DD3DF-B23D-4BFB-9383-E5158DAE9DE9}.Release|Win32.Build.0 = Release|Win32
		{618DD3DF-B23D-4BFB-9383-E5158DAE9DE9}.Release|Win64.ActiveCfg = Release|Win32
		{36FE1736-7E58-424D-8380-47EA6D9C7B5F}.Debug|Win32.ActiveCfg = Debug|Win32
		{36FE1736-7E58-424D-8380-47EA6D9C7B5F}.Debug|Win64.ActiveCfg = Debug|Win32
		{36FE1736-7E58-424D-8380-47EA6D9C7B5F}.Debug|Win64.Build.0 = Debug|Win32
		{36FE1736-7E58-424D-8380-47EA6D9C7B5F}.Release|Win32.ActiveCfg = Release|Win32
		{36FE1736-7E58-424D-8380-47EA6D9C7B5F}.Release|Win64.ActiveCfg = Release|Win32
		{904E80D8-7E07-4335-B6CE-6AD985BE8052}.Debug|Win32.ActiveCfg = Debug|Win32
		{904E80D8-7E07-4335-B6CE-6AD985BE8052}.Debug|Win64.ActiveCfg = Debug|Win32
		{904E80D8-7E07-4335-B6CE-6AD985BE8052}.Debug|Win64.Build.0 = Debug|Win32
		{904E80D8-7E07-4335-B6CE-6AD985BE8052}.Release|Win32.ActiveCfg = Release|Win32
		{904E80D8-7E07-4335-B6CE-6AD985BE8052}.Release|Win64.ActiveCfg = Release|Win32
		{C406DAEC-0886-4771-8DEA-9D7329B46CC1}.Debug|Win32.ActiveCfg = Debug|Win32
		{C406DAEC-0886-4771-8DEA-9D7329B46CC1}.Debug|Win32.Build.0 = Debug|Win32
		{C406DAEC-0886-4771-8DEA-9D7329B46CC1}.Debug|Win64.ActiveCfg = Debug|Win32
		{C406DAEC-0886-4771-8DEA-9D7329B46CC1}.Debug|Win64.Build.0 = Debug|Win32
		{C406DAEC-0886-4771-8DEA-9D7329B46CC1}.Release|Win32.ActiveCfg = Release|Win32
		{C406DAEC-0886-4771-8DEA-9D7329B46CC1}.Release|Win32.Build.0 = Release|Win32
		{C406DAEC-0886-4771-8DEA-9D7329B46CC1}.Release|Win64.ActiveCfg = Release|x64
		{C406DAEC-0886-4771-8DEA-9D7329B46CC1}.Release|Win64.Build.0 = Release|x64
		{4453688A-6B15-4A9F-BA5A-0D33111B0D65}.Debug|Win32.ActiveCfg = Debug|Win32
		{4453688A-6B15-4A9F-BA5A-0D33111B0D65}.Debug|Win32.Build.0 = Debug|Win32
		{4453688A-6B15-4A9F-BA5A-0D33111B0D65}.Debug|Win64.ActiveCfg = Debug|Win32
		{4453688A-6B15-4A9F-BA5A-0D33111B0D65}.Release|Win32.ActiveCfg = Release|Win32
		{4453688A-6B15-4A9F-BA5A-0D33111B0D65}.Release|Win32.Build.0 = Release|Win32
		{4453688A-6B15-4A9F-BA5A-0D33111B0D65}.Release|Win64.ActiveCfg = Release|Win32
		{B5A1C027-5488-488A-8158-420F90E3745C}.Debug|Win32.ActiveCfg = Debug|Win32
		{B5A1C027-5488-488A-8158-420F90E3745C}.Debug|Win32.Build.0 = Debug|Win32
		{B5A1C027-5488-488A-8158-420F90E3745C}.Debug|Win64.ActiveCfg = Debug|Win32
		{B5A1C027-5488-488A-8158-420F90E3745C}.Release|Win32.ActiveCfg = Release|Win32
		{B5A1C027-5488-488A-8158-420F90E3745C}.Release|Win32.Build.0 = Release|Win32
		{B5A1C027-5488-488A-8158-420F90E3745C}.Release|Win64.ActiveCfg = Release|Win32
		{621ECA23-61F4-4EE1-B778-0C764E0D1CD3}.Debug|Win32.ActiveCfg = Debug|Win32
		{621ECA23-61F4-4EE1-B778-0C764E0D1CD3}.Debug|Win32.Build.0 = Debug|Win32
		{621ECA23-61F4-4EE1-B778-0C764E0D1CD3}.Debug|Win64.ActiveCfg = Debug|Win32
		{621ECA23-61F4-4EE1-B778-0C764E0D1CD3}.Release|Win32.ActiveCfg = Release|Win32
		{621ECA23-61F4-4EE1-B778-0C764E0D1CD3}.Release|Win32.Build.0 = Release|Win32
		{621ECA23-61F4-4EE1-B778-0C764E0D1CD3}.Release|Win64.ActiveCfg = Release|Win32
	EndGlobalSection
	GlobalSection(SolutionProperties) = preSolution
		HideSolutionNode = FALSE
	EndGlobalSection
	GlobalSection(NestedProjects) = preSolution
		{904E80D8-7E07-4335-B6CE-6AD985BE8052} = {9217CC8B-2F8F-49E4-A694-0277E7CC0EED}
		{C406DAEC-0886-4771-8DEA-9D7329B46CC1} = {9217CC8B-2F8F-49E4-A694-0277E7CC0EED}
	EndGlobalSection
	GlobalSection(PerforceSourceControlProviderSolutionProperties) = preSolution
		SolutionIsControlled = True
	EndGlobalSection
	GlobalSection(PerforceSourceControlProviderSolutionProperties) = preSolution
		SolutionIsControlled = True
	EndGlobalSection
	GlobalSection(PerforceSourceControlProviderSolutionProperties) = preSolution
		SolutionIsControlled = True
	EndGlobalSection
	GlobalSection(PerforceSourceControlProviderSolutionProperties) = preSolution
		SolutionIsControlled = True
	EndGlobalSection
	GlobalSection(PerforceSourceControlProviderSolutionProperties) = preSolution
		SolutionIsControlled = True
	EndGlobalSection
	GlobalSection(PerforceSourceControlProviderSolutionProperties) = preSolution
		SolutionIsControlled = True
	EndGlobalSection
	GlobalSection(PerforceSourceControlProviderSolutionProperties) = preSolution
		SolutionIsControlled = True
	EndGlobalSection
	GlobalSection(PerforceSourceControlProviderSolutionProperties) = preSolution
		SolutionIsControlled = True
	EndGlobalSection
	GlobalSection(PerforceSourceControlProviderSolutionProperties) = preSolution
		SolutionIsControlled = True
	EndGlobalSection
	GlobalSection(PerforceSourceControlProviderSolutionProperties) = preSolution
		SolutionIsControlled = True
	EndGlobalSection
	GlobalSection(PerforceSourceControlProviderSolutionProperties) = preSolution
		SolutionIsControlled = True
	EndGlobalSection
	GlobalSection(PerforceSourceControlProviderSolutionProperties) = preSolution
		SolutionIsControlled = True
	EndGlobalSection
	GlobalSection(PerforceSourceControlProviderSolutionProperties) = preSolution
		SolutionIsControlled = True
	EndGlobalSection
	GlobalSection(PerforceSourceControlProviderSolutionProperties) = preSolution
		SolutionIsControlled = True
	EndGlobalSection
	GlobalSection(PerforceSourceControlProviderSolutionProperties) = preSolution
		SolutionIsControlled = True
	EndGlobalSection
	GlobalSection(PerforceSourceControlProviderSolutionProperties) = preSolution
		SolutionIsControlled = True
	EndGlobalSection
	GlobalSection(PerforceSourceControlProviderSolutionProperties) = preSolution
		SolutionIsControlled = True
	EndGlobalSection
	GlobalSection(PerforceSourceControlProviderSolutionProperties) = preSolution
		SolutionIsControlled = True
	EndGlobalSection
	GlobalSection(PerforceSourceControlProviderSolutionProperties) = preSolution
		SolutionIsControlled = True
	EndGlobalSection
	GlobalSection(PerforceSourceControlProviderSolutionProperties) = preSolution
		SolutionIsControlled = True
	EndGlobalSection
	GlobalSection(PerforceSourceControlProviderSolutionProperties) = preSolution
		SolutionIsControlled = True
	EndGlobalSection
	GlobalSection(PerforceSourceControlProviderSolutionProperties) = preSolution
		SolutionIsControlled = True
	EndGlobalSection
	GlobalSection(PerforceSourceControlProviderSolutionProperties) = preSolution
		SolutionIsControlled = True
	EndGlobalSection
	GlobalSection(PerforceSourceControlProviderSolutionProperties) = preSolution
		SolutionIsControlled = True
	EndGlobalSection
	GlobalSection(PerforceSourceControlProviderSolutionProperties) = preSolution
		SolutionIsControlled = True
	EndGlobalSection
EndGlobal
