
Microsoft Visual Studio Solution File, Format Version 10.00
# Visual Studio 2008
Project("{FAE04EC0-301F-11D3-BF4B-00C04F79EFBC}") = "PluginInterface", "PluginInterface\PluginInterface.csproj", "{5C899F99-4C66-474C-AD34-4C54248F4389}"
EndProject
Project("{FAE04EC0-301F-11D3-BF4B-00C04F79EFBC}") = "DeveloperControlPanel", "DeveloperControlPanel\DeveloperControlPanel.csproj", "{7DFFA854-1B0C-4428-AE2A-4D2C6538BCEE}"
EndProject
Project("{8BC9CEB8-8B4A-11D0-8D11-00A0C91BC942}") = "DCPExplorerExtension", "DCPExplorerExtension\DCPExplorerExtension.vcproj", "{CDC941B3-0901-4DD6-8E92-0DB131E4F92D}"
EndProject
Global
	GlobalSection(SolutionConfigurationPlatforms) = preSolution
		Debug|Any CPU = Debug|Any CPU
		Debug|Mixed Platforms = Debug|Mixed Platforms
		Debug|Win32 = Debug|Win32
		Release|Any CPU = Release|Any CPU
		Release|Mixed Platforms = Release|Mixed Platforms
		Release|Win32 = Release|Win32
	EndGlobalSection
	GlobalSection(ProjectConfigurationPlatforms) = postSolution
		{5C899F99-4C66-474C-AD34-4C54248F4389}.Debug|Any CPU.ActiveCfg = Debug|Any CPU
		{5C899F99-4C66-474C-AD34-4C54248F4389}.Debug|Any CPU.Build.0 = Debug|Any CPU
		{5C899F99-4C66-474C-AD34-4C54248F4389}.Debug|Mixed Platforms.ActiveCfg = Debug|Any CPU
		{5C899F99-4C66-474C-AD34-4C54248F4389}.Debug|Mixed Platforms.Build.0 = Debug|Any CPU
		{5C899F99-4C66-474C-AD34-4C54248F4389}.Debug|Win32.ActiveCfg = Debug|Any CPU
		{5C899F99-4C66-474C-AD34-4C54248F4389}.Debug|Win32.Build.0 = Debug|Any CPU
		{5C899F99-4C66-474C-AD34-4C54248F4389}.Release|Any CPU.ActiveCfg = Release|Any CPU
		{5C899F99-4C66-474C-AD34-4C54248F4389}.Release|Any CPU.Build.0 = Release|Any CPU
		{5C899F99-4C66-474C-AD34-4C54248F4389}.Release|Mixed Platforms.ActiveCfg = Release|Any CPU
		{5C899F99-4C66-474C-AD34-4C54248F4389}.Release|Mixed Platforms.Build.0 = Release|Any CPU
		{5C899F99-4C66-474C-AD34-4C54248F4389}.Release|Win32.ActiveCfg = Release|Any CPU
		{5C899F99-4C66-474C-AD34-4C54248F4389}.Release|Win32.Build.0 = Release|Any CPU
		{7DFFA854-1B0C-4428-AE2A-4D2C6538BCEE}.Debug|Any CPU.ActiveCfg = Debug|Any CPU
		{7DFFA854-1B0C-4428-AE2A-4D2C6538BCEE}.Debug|Any CPU.Build.0 = Debug|Any CPU
		{7DFFA854-1B0C-4428-AE2A-4D2C6538BCEE}.Debug|Mixed Platforms.ActiveCfg = Debug|Any CPU
		{7DFFA854-1B0C-4428-AE2A-4D2C6538BCEE}.Debug|Mixed Platforms.Build.0 = Debug|Any CPU
		{7DFFA854-1B0C-4428-AE2A-4D2C6538BCEE}.Debug|Win32.ActiveCfg = Debug|Any CPU
		{7DFFA854-1B0C-4428-AE2A-4D2C6538BCEE}.Release|Any CPU.ActiveCfg = Release|Any CPU
		{7DFFA854-1B0C-4428-AE2A-4D2C6538BCEE}.Release|Any CPU.Build.0 = Release|Any CPU
		{7DFFA854-1B0C-4428-AE2A-4D2C6538BCEE}.Release|Mixed Platforms.ActiveCfg = Release|Any CPU
		{7DFFA854-1B0C-4428-AE2A-4D2C6538BCEE}.Release|Mixed Platforms.Build.0 = Release|Any CPU
		{7DFFA854-1B0C-4428-AE2A-4D2C6538BCEE}.Release|Win32.ActiveCfg = Release|Any CPU
		{CDC941B3-0901-4DD6-8E92-0DB131E4F92D}.Debug|Any CPU.ActiveCfg = Debug|Win32
		{CDC941B3-0901-4DD6-8E92-0DB131E4F92D}.Debug|Mixed Platforms.ActiveCfg = Debug|Win32
		{CDC941B3-0901-4DD6-8E92-0DB131E4F92D}.Debug|Mixed Platforms.Build.0 = Debug|Win32
		{CDC941B3-0901-4DD6-8E92-0DB131E4F92D}.Debug|Win32.ActiveCfg = Debug|Win32
		{CDC941B3-0901-4DD6-8E92-0DB131E4F92D}.Debug|Win32.Build.0 = Debug|Win32
		{CDC941B3-0901-4DD6-8E92-0DB131E4F92D}.Release|Any CPU.ActiveCfg = Release|Win32
		{CDC941B3-0901-4DD6-8E92-0DB131E4F92D}.Release|Mixed Platforms.ActiveCfg = Release|Win32
		{CDC941B3-0901-4DD6-8E92-0DB131E4F92D}.Release|Mixed Platforms.Build.0 = Release|Win32
		{CDC941B3-0901-4DD6-8E92-0DB131E4F92D}.Release|Win32.ActiveCfg = Release|Win32
		{CDC941B3-0901-4DD6-8E92-0DB131E4F92D}.Release|Win32.Build.0 = Release|Win32
	EndGlobalSection
	GlobalSection(SolutionProperties) = preSolution
		HideSolutionNode = FALSE
	EndGlobalSection
EndGlobal
