
Microsoft Visual Studio Solution File, Format Version 9.00
# Visual Studio 2005
Project("{8BC9CEB8-8B4A-11D0-8D11-00A0C91BC942}") = "StreamTest", "StreamTest.vcproj", "{11DB349B-5B2D-4C66-AE2F-22113E9B5BE4}"
	ProjectSection(ProjectDependencies) = postProject
		{4180E96C-EBBE-4C1B-BECC-EE512F6CD32A} = {4180E96C-EBBE-4C1B-BECC-EE512F6CD32A}
	EndProjectSection
EndProject
Project("{8BC9CEB8-8B4A-11D0-8D11-00A0C91BC942}") = "Stream", "..\build\win32\Stream.vcproj", "{4180E96C-EBBE-4C1B-BECC-EE512F6CD32A}"
EndProject
Global
	GlobalSection(SolutionConfigurationPlatforms) = preSolution
		Debug|Win32 = Debug|Win32
		Release|Win32 = Release|Win32
	EndGlobalSection
	GlobalSection(ProjectConfigurationPlatforms) = postSolution
		{11DB349B-5B2D-4C66-AE2F-22113E9B5BE4}.Debug|Win32.ActiveCfg = Debug|Win32
		{11DB349B-5B2D-4C66-AE2F-22113E9B5BE4}.Debug|Win32.Build.0 = Debug|Win32
		{11DB349B-5B2D-4C66-AE2F-22113E9B5BE4}.Release|Win32.ActiveCfg = Release|Win32
		{11DB349B-5B2D-4C66-AE2F-22113E9B5BE4}.Release|Win32.Build.0 = Release|Win32
		{4180E96C-EBBE-4C1B-BECC-EE512F6CD32A}.Debug|Win32.ActiveCfg = Debug|Win32
		{4180E96C-EBBE-4C1B-BECC-EE512F6CD32A}.Debug|Win32.Build.0 = Debug|Win32
		{4180E96C-EBBE-4C1B-BECC-EE512F6CD32A}.Release|Win32.ActiveCfg = Release|Win32
		{4180E96C-EBBE-4C1B-BECC-EE512F6CD32A}.Release|Win32.Build.0 = Release|Win32
	EndGlobalSection
	GlobalSection(SolutionProperties) = preSolution
		HideSolutionNode = FALSE
	EndGlobalSection
EndGlobal
