
Microsoft Visual Studio Solution File, Format Version 10.00
# Visual Studio 2008
Project("{8BC9CEB8-8B4A-11D0-8D11-00A0C91BC942}") = "ReflectionTest", "ReflectionTest.vcproj", "{32036BB5-6D4C-47DB-9A97-91D525A50956}"
	ProjectSection(ProjectDependencies) = postProject
		{94C9D950-1C28-40A7-B179-B072FC54639A} = {94C9D950-1C28-40A7-B179-B072FC54639A}
		{2102BE64-FD0B-493B-A2BB-4C41B594E817} = {2102BE64-FD0B-493B-A2BB-4C41B594E817}
		{CFCF1B6C-C2EA-4C1B-8592-9B4670A92444} = {CFCF1B6C-C2EA-4C1B-8592-9B4670A92444}
		{618DD3DF-B23D-4BFB-9383-E5158DAE9DE9} = {618DD3DF-B23D-4BFB-9383-E5158DAE9DE9}
		{A0E478E0-0DF6-481B-961A-6DFEE359523E} = {A0E478E0-0DF6-481B-961A-6DFEE359523E}
	EndProjectSection
EndProject
Project("{8BC9CEB8-8B4A-11D0-8D11-00A0C91BC942}") = "Reflection", "..\build\win32\Reflection.vcproj", "{CFCF1B6C-C2EA-4C1B-8592-9B4670A92444}"
EndProject
Project("{8BC9CEB8-8B4A-11D0-8D11-00A0C91BC942}") = "Memory", "..\..\Memory\build\win32\Memory.vcproj", "{94C9D950-1C28-40A7-B179-B072FC54639A}"
EndProject
Project("{8BC9CEB8-8B4A-11D0-8D11-00A0C91BC942}") = "Util", "..\..\Util\build\win32\Util.vcproj", "{618DD3DF-B23D-4BFB-9383-E5158DAE9DE9}"
EndProject
Project("{8BC9CEB8-8B4A-11D0-8D11-00A0C91BC942}") = "Serialization", "..\..\Serialization\build\win32\Serialization.vcproj", "{A0E478E0-0DF6-481B-961A-6DFEE359523E}"
EndProject
Project("{8BC9CEB8-8B4A-11D0-8D11-00A0C91BC942}") = "Math", "..\..\Math\build\win32\Math.vcproj", "{2102BE64-FD0B-493B-A2BB-4C41B594E817}"
EndProject
Global
	GlobalSection(SolutionConfigurationPlatforms) = preSolution
		Debug DLL|Win32 = Debug DLL|Win32
		Debug|Win32 = Debug|Win32
		Release DLL|Win32 = Release DLL|Win32
		Release|Win32 = Release|Win32
	EndGlobalSection
	GlobalSection(ProjectConfigurationPlatforms) = postSolution
		{32036BB5-6D4C-47DB-9A97-91D525A50956}.Debug DLL|Win32.ActiveCfg = Debug|Win32
		{32036BB5-6D4C-47DB-9A97-91D525A50956}.Debug DLL|Win32.Build.0 = Debug|Win32
		{32036BB5-6D4C-47DB-9A97-91D525A50956}.Debug|Win32.ActiveCfg = Debug|Win32
		{32036BB5-6D4C-47DB-9A97-91D525A50956}.Debug|Win32.Build.0 = Debug|Win32
		{32036BB5-6D4C-47DB-9A97-91D525A50956}.Release DLL|Win32.ActiveCfg = Release|Win32
		{32036BB5-6D4C-47DB-9A97-91D525A50956}.Release DLL|Win32.Build.0 = Release|Win32
		{32036BB5-6D4C-47DB-9A97-91D525A50956}.Release|Win32.ActiveCfg = Release|Win32
		{32036BB5-6D4C-47DB-9A97-91D525A50956}.Release|Win32.Build.0 = Release|Win32
		{CFCF1B6C-C2EA-4C1B-8592-9B4670A92444}.Debug DLL|Win32.ActiveCfg = Debug|Win32
		{CFCF1B6C-C2EA-4C1B-8592-9B4670A92444}.Debug DLL|Win32.Build.0 = Debug|Win32
		{CFCF1B6C-C2EA-4C1B-8592-9B4670A92444}.Debug|Win32.ActiveCfg = Debug|Win32
		{CFCF1B6C-C2EA-4C1B-8592-9B4670A92444}.Debug|Win32.Build.0 = Debug|Win32
		{CFCF1B6C-C2EA-4C1B-8592-9B4670A92444}.Release DLL|Win32.ActiveCfg = Release|Win32
		{CFCF1B6C-C2EA-4C1B-8592-9B4670A92444}.Release DLL|Win32.Build.0 = Release|Win32
		{CFCF1B6C-C2EA-4C1B-8592-9B4670A92444}.Release|Win32.ActiveCfg = Release|Win32
		{CFCF1B6C-C2EA-4C1B-8592-9B4670A92444}.Release|Win32.Build.0 = Release|Win32
		{94C9D950-1C28-40A7-B179-B072FC54639A}.Debug DLL|Win32.ActiveCfg = Debug DLL|Win32
		{94C9D950-1C28-40A7-B179-B072FC54639A}.Debug DLL|Win32.Build.0 = Debug DLL|Win32
		{94C9D950-1C28-40A7-B179-B072FC54639A}.Debug|Win32.ActiveCfg = Debug|Win32
		{94C9D950-1C28-40A7-B179-B072FC54639A}.Debug|Win32.Build.0 = Debug|Win32
		{94C9D950-1C28-40A7-B179-B072FC54639A}.Release DLL|Win32.ActiveCfg = Release DLL|Win32
		{94C9D950-1C28-40A7-B179-B072FC54639A}.Release DLL|Win32.Build.0 = Release DLL|Win32
		{94C9D950-1C28-40A7-B179-B072FC54639A}.Release|Win32.ActiveCfg = Release|Win32
		{94C9D950-1C28-40A7-B179-B072FC54639A}.Release|Win32.Build.0 = Release|Win32
		{618DD3DF-B23D-4BFB-9383-E5158DAE9DE9}.Debug DLL|Win32.ActiveCfg = Debug DLL|Win32
		{618DD3DF-B23D-4BFB-9383-E5158DAE9DE9}.Debug DLL|Win32.Build.0 = Debug DLL|Win32
		{618DD3DF-B23D-4BFB-9383-E5158DAE9DE9}.Debug|Win32.ActiveCfg = Debug|Win32
		{618DD3DF-B23D-4BFB-9383-E5158DAE9DE9}.Debug|Win32.Build.0 = Debug|Win32
		{618DD3DF-B23D-4BFB-9383-E5158DAE9DE9}.Release DLL|Win32.ActiveCfg = Release DLL|Win32
		{618DD3DF-B23D-4BFB-9383-E5158DAE9DE9}.Release DLL|Win32.Build.0 = Release DLL|Win32
		{618DD3DF-B23D-4BFB-9383-E5158DAE9DE9}.Release|Win32.ActiveCfg = Release|Win32
		{618DD3DF-B23D-4BFB-9383-E5158DAE9DE9}.Release|Win32.Build.0 = Release|Win32
		{A0E478E0-0DF6-481B-961A-6DFEE359523E}.Debug DLL|Win32.ActiveCfg = Debug DLL|Win32
		{A0E478E0-0DF6-481B-961A-6DFEE359523E}.Debug DLL|Win32.Build.0 = Debug DLL|Win32
		{A0E478E0-0DF6-481B-961A-6DFEE359523E}.Debug|Win32.ActiveCfg = Debug|Win32
		{A0E478E0-0DF6-481B-961A-6DFEE359523E}.Debug|Win32.Build.0 = Debug|Win32
		{A0E478E0-0DF6-481B-961A-6DFEE359523E}.Release DLL|Win32.ActiveCfg = Release DLL|Win32
		{A0E478E0-0DF6-481B-961A-6DFEE359523E}.Release DLL|Win32.Build.0 = Release DLL|Win32
		{A0E478E0-0DF6-481B-961A-6DFEE359523E}.Release|Win32.ActiveCfg = Release|Win32
		{A0E478E0-0DF6-481B-961A-6DFEE359523E}.Release|Win32.Build.0 = Release|Win32
		{2102BE64-FD0B-493B-A2BB-4C41B594E817}.Debug DLL|Win32.ActiveCfg = Debug DLL|Win32
		{2102BE64-FD0B-493B-A2BB-4C41B594E817}.Debug DLL|Win32.Build.0 = Debug DLL|Win32
		{2102BE64-FD0B-493B-A2BB-4C41B594E817}.Debug|Win32.ActiveCfg = Debug|Win32
		{2102BE64-FD0B-493B-A2BB-4C41B594E817}.Debug|Win32.Build.0 = Debug|Win32
		{2102BE64-FD0B-493B-A2BB-4C41B594E817}.Release DLL|Win32.ActiveCfg = Release DLL|Win32
		{2102BE64-FD0B-493B-A2BB-4C41B594E817}.Release DLL|Win32.Build.0 = Release DLL|Win32
		{2102BE64-FD0B-493B-A2BB-4C41B594E817}.Release|Win32.ActiveCfg = Release|Win32
		{2102BE64-FD0B-493B-A2BB-4C41B594E817}.Release|Win32.Build.0 = Release|Win32
	EndGlobalSection
	GlobalSection(SolutionProperties) = preSolution
		HideSolutionNode = FALSE
	EndGlobalSection
EndGlobal
