
Microsoft Visual Studio Solution File, Format Version 11.00
# Visual Studio 2010
Project("{8BC9CEB8-8B4A-11D0-8D11-00A0C91BC942}") = "LibHFZ", "ThirdParty\LibHFZ\LibHFZ.vcxproj", "{06C9EAAA-2174-4C10-9CA4-AEF3472C6636}"
	GlobalSection(PerforceSourceControlProviderSolutionProperties) = preSolution
		SolutionIsControlled = True
	EndGlobalSection
EndProject
Project("{8BC9CEB8-8B4A-11D0-8D11-00A0C91BC942}") = "PackageManager", "PackageManager\build\win32\VC10\PackageManager.vcxproj", "{BFD2E711-4090-412B-86AB-B3190D44D378}"
	GlobalSection(PerforceSourceControlProviderSolutionProperties) = preSolution
		SolutionIsControlled = True
	EndGlobalSection
EndProject
Project("{8BC9CEB8-8B4A-11D0-8D11-00A0C91BC942}") = "Editor", "Editor\Editor.vcxproj", "{0B5CE9B8-ACBC-4439-8572-9BB8AED81AED}"
	GlobalSection(PerforceSourceControlProviderSolutionProperties) = preSolution
		SolutionIsControlled = True
	EndGlobalSection
EndProject
Global
	GlobalSection(PerforceSourceControlProviderSolutionProperties) = preSolution
		SolutionIsControlled = True
	EndGlobalSection
	GlobalSection(SolutionConfigurationPlatforms) = preSolution
		Debug|Win32 = Debug|Win32
		Release|Win32 = Release|Win32
		Template|Win32 = Template|Win32
	EndGlobalSection
	GlobalSection(ProjectConfigurationPlatforms) = postSolution
		{06C9EAAA-2174-4C10-9CA4-AEF3472C6636}.Debug|Win32.ActiveCfg = Debug|Win32
		{06C9EAAA-2174-4C10-9CA4-AEF3472C6636}.Debug|Win32.Build.0 = Debug|Win32
		{06C9EAAA-2174-4C10-9CA4-AEF3472C6636}.Release|Win32.ActiveCfg = Release|Win32
		{06C9EAAA-2174-4C10-9CA4-AEF3472C6636}.Release|Win32.Build.0 = Release|Win32
		{06C9EAAA-2174-4C10-9CA4-AEF3472C6636}.Template|Win32.ActiveCfg = Release|Win32
		{06C9EAAA-2174-4C10-9CA4-AEF3472C6636}.Template|Win32.Build.0 = Release|Win32
		{BFD2E711-4090-412B-86AB-B3190D44D378}.Debug|Win32.ActiveCfg = Debug|Win32
		{BFD2E711-4090-412B-86AB-B3190D44D378}.Debug|Win32.Build.0 = Debug|Win32
		{BFD2E711-4090-412B-86AB-B3190D44D378}.Release|Win32.ActiveCfg = Release|Win32
		{BFD2E711-4090-412B-86AB-B3190D44D378}.Release|Win32.Build.0 = Release|Win32
		{BFD2E711-4090-412B-86AB-B3190D44D378}.Template|Win32.ActiveCfg = Release|Win32
		{BFD2E711-4090-412B-86AB-B3190D44D378}.Template|Win32.Build.0 = Release|Win32
		{0B5CE9B8-ACBC-4439-8572-9BB8AED81AED}.Debug|Win32.ActiveCfg = Debug|Win32
		{0B5CE9B8-ACBC-4439-8572-9BB8AED81AED}.Debug|Win32.Build.0 = Debug|Win32
		{0B5CE9B8-ACBC-4439-8572-9BB8AED81AED}.Release|Win32.ActiveCfg = Release|Win32
		{0B5CE9B8-ACBC-4439-8572-9BB8AED81AED}.Release|Win32.Build.0 = Release|Win32
		{0B5CE9B8-ACBC-4439-8572-9BB8AED81AED}.Template|Win32.ActiveCfg = Template|Win32
		{0B5CE9B8-ACBC-4439-8572-9BB8AED81AED}.Template|Win32.Build.0 = Template|Win32
	EndGlobalSection
	GlobalSection(SolutionProperties) = preSolution
		HideSolutionNode = FALSE
	EndGlobalSection
EndGlobal
