
Microsoft Visual Studio Solution File, Format Version 10.00
# Visual Studio 2008
Project("{2150E333-8FDC-42A3-9474-1A3956D46DE8}") = "Dependencies", "Dependencies", "{285A8398-0000-4572-B20E-F9624BD3063D}"
EndProject
Project("{2150E333-8FDC-42A3-9474-1A3956D46DE8}") = "SceneEditor", "SceneEditor", "{8A84517E-1247-4E5B-9F0A-2A2A2C314378}"
EndProject
Project("{8BC9CEB8-8B4A-11D0-8D11-00A0C91BC942}") = "link", "Link\Link.vcproj", "{ED55EFAA-91E1-4831-A28C-D5EEC6685F5F}"
	ProjectSection(ProjectDependencies) = postProject
		{F5D9ED05-437F-4F21-B813-5E93A93A5948} = {F5D9ED05-437F-4F21-B813-5E93A93A5948}
		{94C9D950-1C28-40A7-B179-B072FC54639A} = {94C9D950-1C28-40A7-B179-B072FC54639A}
		{2102BE64-FD0B-493B-A2BB-4C41B594E817} = {2102BE64-FD0B-493B-A2BB-4C41B594E817}
		{70A11368-0D0D-41E1-8859-24E6F10A6BB4} = {70A11368-0D0D-41E1-8859-24E6F10A6BB4}
		{4180E96C-EBBE-4C1B-BECC-EE512F6CD32A} = {4180E96C-EBBE-4C1B-BECC-EE512F6CD32A}
		{618DD3DF-B23D-4BFB-9383-E5158DAE9DE9} = {618DD3DF-B23D-4BFB-9383-E5158DAE9DE9}
		{A0E478E0-0DF6-481B-961A-6DFEE359523E} = {A0E478E0-0DF6-481B-961A-6DFEE359523E}
	EndProjectSection
EndProject
Project("{8BC9CEB8-8B4A-11D0-8D11-00A0C91BC942}") = "ToolLib", "ToolLib\ToolLib.vcproj", "{F5D9ED05-437F-4F21-B813-5E93A93A5948}"
EndProject
Project("{8BC9CEB8-8B4A-11D0-8D11-00A0C91BC942}") = "dep", "Dep\Dep.vcproj", "{A739B59E-2B19-473E-85AB-7AF57A1D6FB2}"
	ProjectSection(ProjectDependencies) = postProject
		{94C9D950-1C28-40A7-B179-B072FC54639A} = {94C9D950-1C28-40A7-B179-B072FC54639A}
		{2102BE64-FD0B-493B-A2BB-4C41B594E817} = {2102BE64-FD0B-493B-A2BB-4C41B594E817}
		{4180E96C-EBBE-4C1B-BECC-EE512F6CD32A} = {4180E96C-EBBE-4C1B-BECC-EE512F6CD32A}
		{618DD3DF-B23D-4BFB-9383-E5158DAE9DE9} = {618DD3DF-B23D-4BFB-9383-E5158DAE9DE9}
		{A0E478E0-0DF6-481B-961A-6DFEE359523E} = {A0E478E0-0DF6-481B-961A-6DFEE359523E}
	EndProjectSection
EndProject
Project("{8BC9CEB8-8B4A-11D0-8D11-00A0C91BC942}") = "hkxc", "HKXC\HKXC.vcproj", "{FA246532-CE67-46CF-BD6F-ED1DA3B31BBB}"
	ProjectSection(ProjectDependencies) = postProject
		{F5D9ED05-437F-4F21-B813-5E93A93A5948} = {F5D9ED05-437F-4F21-B813-5E93A93A5948}
		{616DEB2E-4110-41EB-AB53-0CD2F9CA0E6A} = {616DEB2E-4110-41EB-AB53-0CD2F9CA0E6A}
		{94C9D950-1C28-40A7-B179-B072FC54639A} = {94C9D950-1C28-40A7-B179-B072FC54639A}
		{43966C59-ED53-4999-ACCE-B0C728FFABD3} = {43966C59-ED53-4999-ACCE-B0C728FFABD3}
		{2102BE64-FD0B-493B-A2BB-4C41B594E817} = {2102BE64-FD0B-493B-A2BB-4C41B594E817}
		{70A11368-0D0D-41E1-8859-24E6F10A6BB4} = {70A11368-0D0D-41E1-8859-24E6F10A6BB4}
		{4180E96C-EBBE-4C1B-BECC-EE512F6CD32A} = {4180E96C-EBBE-4C1B-BECC-EE512F6CD32A}
		{DF1C047C-31A1-48A2-987D-F190C66A3DFD} = {DF1C047C-31A1-48A2-987D-F190C66A3DFD}
		{618DD3DF-B23D-4BFB-9383-E5158DAE9DE9} = {618DD3DF-B23D-4BFB-9383-E5158DAE9DE9}
		{A0E478E0-0DF6-481B-961A-6DFEE359523E} = {A0E478E0-0DF6-481B-961A-6DFEE359523E}
		{C406DAEC-0886-4771-8DEA-9D7329B46CC1} = {C406DAEC-0886-4771-8DEA-9D7329B46CC1}
		{5966CDF9-D58F-41B7-8532-73AEB0CED55F} = {5966CDF9-D58F-41B7-8532-73AEB0CED55F}
	EndProjectSection
EndProject
Project("{8BC9CEB8-8B4A-11D0-8D11-00A0C91BC942}") = "texc", "TEXC\TEXC.vcproj", "{81FBA8DD-9A0D-4F34-8442-44625A384DDB}"
	ProjectSection(ProjectDependencies) = postProject
		{F5D9ED05-437F-4F21-B813-5E93A93A5948} = {F5D9ED05-437F-4F21-B813-5E93A93A5948}
		{616DEB2E-4110-41EB-AB53-0CD2F9CA0E6A} = {616DEB2E-4110-41EB-AB53-0CD2F9CA0E6A}
		{94C9D950-1C28-40A7-B179-B072FC54639A} = {94C9D950-1C28-40A7-B179-B072FC54639A}
		{2102BE64-FD0B-493B-A2BB-4C41B594E817} = {2102BE64-FD0B-493B-A2BB-4C41B594E817}
		{70A11368-0D0D-41E1-8859-24E6F10A6BB4} = {70A11368-0D0D-41E1-8859-24E6F10A6BB4}
		{4180E96C-EBBE-4C1B-BECC-EE512F6CD32A} = {4180E96C-EBBE-4C1B-BECC-EE512F6CD32A}
		{618DD3DF-B23D-4BFB-9383-E5158DAE9DE9} = {618DD3DF-B23D-4BFB-9383-E5158DAE9DE9}
		{A0E478E0-0DF6-481B-961A-6DFEE359523E} = {A0E478E0-0DF6-481B-961A-6DFEE359523E}
	EndProjectSection
EndProject
Project("{8BC9CEB8-8B4A-11D0-8D11-00A0C91BC942}") = "Animation", "..\tech\Animation\build\win32\Animation.vcproj", "{DF1C047C-31A1-48A2-987D-F190C66A3DFD}"
EndProject
Project("{8BC9CEB8-8B4A-11D0-8D11-00A0C91BC942}") = "Gfx", "..\tech\Gfx\build\win32\Gfx.vcproj", "{70A11368-0D0D-41E1-8859-24E6F10A6BB4}"
EndProject
Project("{8BC9CEB8-8B4A-11D0-8D11-00A0C91BC942}") = "Math", "..\tech\Math\build\win32\Math.vcproj", "{2102BE64-FD0B-493B-A2BB-4C41B594E817}"
EndProject
Project("{8BC9CEB8-8B4A-11D0-8D11-00A0C91BC942}") = "Memory", "..\tech\Memory\build\win32\Memory.vcproj", "{94C9D950-1C28-40A7-B179-B072FC54639A}"
EndProject
Project("{8BC9CEB8-8B4A-11D0-8D11-00A0C91BC942}") = "Physics", "..\tech\Physics\build\win32\Physics.vcproj", "{5966CDF9-D58F-41B7-8532-73AEB0CED55F}"
EndProject
Project("{8BC9CEB8-8B4A-11D0-8D11-00A0C91BC942}") = "Resource", "..\tech\Resource\build\win32\Resource.vcproj", "{616DEB2E-4110-41EB-AB53-0CD2F9CA0E6A}"
EndProject
Project("{8BC9CEB8-8B4A-11D0-8D11-00A0C91BC942}") = "Serialization", "..\tech\Serialization\build\win32\Serialization.vcproj", "{A0E478E0-0DF6-481B-961A-6DFEE359523E}"
EndProject
Project("{8BC9CEB8-8B4A-11D0-8D11-00A0C91BC942}") = "Util", "..\tech\Util\build\win32\Util.vcproj", "{618DD3DF-B23D-4BFB-9383-E5158DAE9DE9}"
EndProject
Project("{8BC9CEB8-8B4A-11D0-8D11-00A0C91BC942}") = "Stream", "..\tech\Stream\build\win32\Stream.vcproj", "{4180E96C-EBBE-4C1B-BECC-EE512F6CD32A}"
EndProject
Project("{8BC9CEB8-8B4A-11D0-8D11-00A0C91BC942}") = "Game", "..\tech\Game\build\win32\Game.vcproj", "{37507FF8-9F71-4DEF-BF67-E5467A73509C}"
EndProject
Project("{8BC9CEB8-8B4A-11D0-8D11-00A0C91BC942}") = "SceneEditor", "SceneEditor\build\win32\SceneEditor.vcproj", "{DC654090-23BC-485F-8268-9C2A23B2FCB3}"
	ProjectSection(ProjectDependencies) = postProject
		{616DEB2E-4110-41EB-AB53-0CD2F9CA0E6A} = {616DEB2E-4110-41EB-AB53-0CD2F9CA0E6A}
		{36FE1736-7E58-424D-8380-47EA6D9C7B5F} = {36FE1736-7E58-424D-8380-47EA6D9C7B5F}
		{94C9D950-1C28-40A7-B179-B072FC54639A} = {94C9D950-1C28-40A7-B179-B072FC54639A}
		{43966C59-ED53-4999-ACCE-B0C728FFABD3} = {43966C59-ED53-4999-ACCE-B0C728FFABD3}
		{2102BE64-FD0B-493B-A2BB-4C41B594E817} = {2102BE64-FD0B-493B-A2BB-4C41B594E817}
		{70A11368-0D0D-41E1-8859-24E6F10A6BB4} = {70A11368-0D0D-41E1-8859-24E6F10A6BB4}
		{CFCF1B6C-C2EA-4C1B-8592-9B4670A92444} = {CFCF1B6C-C2EA-4C1B-8592-9B4670A92444}
		{4180E96C-EBBE-4C1B-BECC-EE512F6CD32A} = {4180E96C-EBBE-4C1B-BECC-EE512F6CD32A}
		{DF1C047C-31A1-48A2-987D-F190C66A3DFD} = {DF1C047C-31A1-48A2-987D-F190C66A3DFD}
		{618DD3DF-B23D-4BFB-9383-E5158DAE9DE9} = {618DD3DF-B23D-4BFB-9383-E5158DAE9DE9}
		{A0E478E0-0DF6-481B-961A-6DFEE359523E} = {A0E478E0-0DF6-481B-961A-6DFEE359523E}
		{C406DAEC-0886-4771-8DEA-9D7329B46CC1} = {C406DAEC-0886-4771-8DEA-9D7329B46CC1}
		{37507FF8-9F71-4DEF-BF67-E5467A73509C} = {37507FF8-9F71-4DEF-BF67-E5467A73509C}
		{5966CDF9-D58F-41B7-8532-73AEB0CED55F} = {5966CDF9-D58F-41B7-8532-73AEB0CED55F}
	EndProjectSection
EndProject
Project("{8BC9CEB8-8B4A-11D0-8D11-00A0C91BC942}") = "Reflection", "..\tech\Reflection\build\win32\Reflection.vcproj", "{CFCF1B6C-C2EA-4C1B-8592-9B4670A92444}"
EndProject
Project("{8BC9CEB8-8B4A-11D0-8D11-00A0C91BC942}") = "Ragdoll", "..\tech\Ragdoll\build\win32\Ragdoll.vcproj", "{43966C59-ED53-4999-ACCE-B0C728FFABD3}"
EndProject
Project("{8BC9CEB8-8B4A-11D0-8D11-00A0C91BC942}") = "tinyxml", "..\tech\ThirdParty\tinyxml\tinyxml_lib.vcproj", "{C406DAEC-0886-4771-8DEA-9D7329B46CC1}"
EndProject
Project("{8BC9CEB8-8B4A-11D0-8D11-00A0C91BC942}") = "VFX", "..\tech\VFX\build\win32\VFX.vcproj", "{36FE1736-7E58-424D-8380-47EA6D9C7B5F}"
EndProject
Global
	GlobalSection(SolutionConfigurationPlatforms) = preSolution
		Debug|Win32 = Debug|Win32
		Release|Win32 = Release|Win32
	EndGlobalSection
	GlobalSection(ProjectConfigurationPlatforms) = postSolution
		{ED55EFAA-91E1-4831-A28C-D5EEC6685F5F}.Debug|Win32.ActiveCfg = Debug|Win32
		{ED55EFAA-91E1-4831-A28C-D5EEC6685F5F}.Debug|Win32.Build.0 = Debug|Win32
		{ED55EFAA-91E1-4831-A28C-D5EEC6685F5F}.Release|Win32.ActiveCfg = Release|Win32
		{ED55EFAA-91E1-4831-A28C-D5EEC6685F5F}.Release|Win32.Build.0 = Release|Win32
		{F5D9ED05-437F-4F21-B813-5E93A93A5948}.Debug|Win32.ActiveCfg = Debug|Win32
		{F5D9ED05-437F-4F21-B813-5E93A93A5948}.Debug|Win32.Build.0 = Debug|Win32
		{F5D9ED05-437F-4F21-B813-5E93A93A5948}.Release|Win32.ActiveCfg = Release|Win32
		{F5D9ED05-437F-4F21-B813-5E93A93A5948}.Release|Win32.Build.0 = Release|Win32
		{A739B59E-2B19-473E-85AB-7AF57A1D6FB2}.Debug|Win32.ActiveCfg = Debug|Win32
		{A739B59E-2B19-473E-85AB-7AF57A1D6FB2}.Debug|Win32.Build.0 = Debug|Win32
		{A739B59E-2B19-473E-85AB-7AF57A1D6FB2}.Release|Win32.ActiveCfg = Release|Win32
		{A739B59E-2B19-473E-85AB-7AF57A1D6FB2}.Release|Win32.Build.0 = Release|Win32
		{FA246532-CE67-46CF-BD6F-ED1DA3B31BBB}.Debug|Win32.ActiveCfg = Debug|Win32
		{FA246532-CE67-46CF-BD6F-ED1DA3B31BBB}.Debug|Win32.Build.0 = Debug|Win32
		{FA246532-CE67-46CF-BD6F-ED1DA3B31BBB}.Release|Win32.ActiveCfg = Release|Win32
		{FA246532-CE67-46CF-BD6F-ED1DA3B31BBB}.Release|Win32.Build.0 = Release|Win32
		{81FBA8DD-9A0D-4F34-8442-44625A384DDB}.Debug|Win32.ActiveCfg = Debug|Win32
		{81FBA8DD-9A0D-4F34-8442-44625A384DDB}.Debug|Win32.Build.0 = Debug|Win32
		{81FBA8DD-9A0D-4F34-8442-44625A384DDB}.Release|Win32.ActiveCfg = Release|Win32
		{81FBA8DD-9A0D-4F34-8442-44625A384DDB}.Release|Win32.Build.0 = Release|Win32
		{DF1C047C-31A1-48A2-987D-F190C66A3DFD}.Debug|Win32.ActiveCfg = Debug|Win32
		{DF1C047C-31A1-48A2-987D-F190C66A3DFD}.Debug|Win32.Build.0 = Debug|Win32
		{DF1C047C-31A1-48A2-987D-F190C66A3DFD}.Release|Win32.ActiveCfg = Release|Win32
		{DF1C047C-31A1-48A2-987D-F190C66A3DFD}.Release|Win32.Build.0 = Release|Win32
		{70A11368-0D0D-41E1-8859-24E6F10A6BB4}.Debug|Win32.ActiveCfg = Debug|Win32
		{70A11368-0D0D-41E1-8859-24E6F10A6BB4}.Debug|Win32.Build.0 = Debug|Win32
		{70A11368-0D0D-41E1-8859-24E6F10A6BB4}.Release|Win32.ActiveCfg = Release|Win32
		{70A11368-0D0D-41E1-8859-24E6F10A6BB4}.Release|Win32.Build.0 = Release|Win32
		{2102BE64-FD0B-493B-A2BB-4C41B594E817}.Debug|Win32.ActiveCfg = Debug|Win32
		{2102BE64-FD0B-493B-A2BB-4C41B594E817}.Debug|Win32.Build.0 = Debug|Win32
		{2102BE64-FD0B-493B-A2BB-4C41B594E817}.Release|Win32.ActiveCfg = Release|Win32
		{2102BE64-FD0B-493B-A2BB-4C41B594E817}.Release|Win32.Build.0 = Release|Win32
		{94C9D950-1C28-40A7-B179-B072FC54639A}.Debug|Win32.ActiveCfg = Debug|Win32
		{94C9D950-1C28-40A7-B179-B072FC54639A}.Debug|Win32.Build.0 = Debug|Win32
		{94C9D950-1C28-40A7-B179-B072FC54639A}.Release|Win32.ActiveCfg = Release|Win32
		{94C9D950-1C28-40A7-B179-B072FC54639A}.Release|Win32.Build.0 = Release|Win32
		{5966CDF9-D58F-41B7-8532-73AEB0CED55F}.Debug|Win32.ActiveCfg = Debug|Win32
		{5966CDF9-D58F-41B7-8532-73AEB0CED55F}.Debug|Win32.Build.0 = Debug|Win32
		{5966CDF9-D58F-41B7-8532-73AEB0CED55F}.Release|Win32.ActiveCfg = Release|Win32
		{5966CDF9-D58F-41B7-8532-73AEB0CED55F}.Release|Win32.Build.0 = Release|Win32
		{616DEB2E-4110-41EB-AB53-0CD2F9CA0E6A}.Debug|Win32.ActiveCfg = Debug|Win32
		{616DEB2E-4110-41EB-AB53-0CD2F9CA0E6A}.Debug|Win32.Build.0 = Debug|Win32
		{616DEB2E-4110-41EB-AB53-0CD2F9CA0E6A}.Release|Win32.ActiveCfg = Release|Win32
		{616DEB2E-4110-41EB-AB53-0CD2F9CA0E6A}.Release|Win32.Build.0 = Release|Win32
		{A0E478E0-0DF6-481B-961A-6DFEE359523E}.Debug|Win32.ActiveCfg = Debug|Win32
		{A0E478E0-0DF6-481B-961A-6DFEE359523E}.Debug|Win32.Build.0 = Debug|Win32
		{A0E478E0-0DF6-481B-961A-6DFEE359523E}.Release|Win32.ActiveCfg = Release|Win32
		{A0E478E0-0DF6-481B-961A-6DFEE359523E}.Release|Win32.Build.0 = Release|Win32
		{618DD3DF-B23D-4BFB-9383-E5158DAE9DE9}.Debug|Win32.ActiveCfg = Debug|Win32
		{618DD3DF-B23D-4BFB-9383-E5158DAE9DE9}.Debug|Win32.Build.0 = Debug|Win32
		{618DD3DF-B23D-4BFB-9383-E5158DAE9DE9}.Release|Win32.ActiveCfg = Release|Win32
		{618DD3DF-B23D-4BFB-9383-E5158DAE9DE9}.Release|Win32.Build.0 = Release|Win32
		{4180E96C-EBBE-4C1B-BECC-EE512F6CD32A}.Debug|Win32.ActiveCfg = Debug|Win32
		{4180E96C-EBBE-4C1B-BECC-EE512F6CD32A}.Debug|Win32.Build.0 = Debug|Win32
		{4180E96C-EBBE-4C1B-BECC-EE512F6CD32A}.Release|Win32.ActiveCfg = Release|Win32
		{4180E96C-EBBE-4C1B-BECC-EE512F6CD32A}.Release|Win32.Build.0 = Release|Win32
		{37507FF8-9F71-4DEF-BF67-E5467A73509C}.Debug|Win32.ActiveCfg = Debug|Win32
		{37507FF8-9F71-4DEF-BF67-E5467A73509C}.Debug|Win32.Build.0 = Debug|Win32
		{37507FF8-9F71-4DEF-BF67-E5467A73509C}.Release|Win32.ActiveCfg = Release|Win32
		{37507FF8-9F71-4DEF-BF67-E5467A73509C}.Release|Win32.Build.0 = Release|Win32
		{DC654090-23BC-485F-8268-9C2A23B2FCB3}.Debug|Win32.ActiveCfg = Debug|Win32
		{DC654090-23BC-485F-8268-9C2A23B2FCB3}.Debug|Win32.Build.0 = Debug|Win32
		{DC654090-23BC-485F-8268-9C2A23B2FCB3}.Release|Win32.ActiveCfg = Release|Win32
		{DC654090-23BC-485F-8268-9C2A23B2FCB3}.Release|Win32.Build.0 = Release|Win32
		{CFCF1B6C-C2EA-4C1B-8592-9B4670A92444}.Debug|Win32.ActiveCfg = Debug|Win32
		{CFCF1B6C-C2EA-4C1B-8592-9B4670A92444}.Debug|Win32.Build.0 = Debug|Win32
		{CFCF1B6C-C2EA-4C1B-8592-9B4670A92444}.Release|Win32.ActiveCfg = Release|Win32
		{CFCF1B6C-C2EA-4C1B-8592-9B4670A92444}.Release|Win32.Build.0 = Release|Win32
		{43966C59-ED53-4999-ACCE-B0C728FFABD3}.Debug|Win32.ActiveCfg = Debug|Win32
		{43966C59-ED53-4999-ACCE-B0C728FFABD3}.Debug|Win32.Build.0 = Debug|Win32
		{43966C59-ED53-4999-ACCE-B0C728FFABD3}.Release|Win32.ActiveCfg = Release|Win32
		{43966C59-ED53-4999-ACCE-B0C728FFABD3}.Release|Win32.Build.0 = Release|Win32
		{C406DAEC-0886-4771-8DEA-9D7329B46CC1}.Debug|Win32.ActiveCfg = Debug|Win32
		{C406DAEC-0886-4771-8DEA-9D7329B46CC1}.Debug|Win32.Build.0 = Debug|Win32
		{C406DAEC-0886-4771-8DEA-9D7329B46CC1}.Release|Win32.ActiveCfg = Release|Win32
		{C406DAEC-0886-4771-8DEA-9D7329B46CC1}.Release|Win32.Build.0 = Release|Win32
		{36FE1736-7E58-424D-8380-47EA6D9C7B5F}.Debug|Win32.ActiveCfg = Debug|Win32
		{36FE1736-7E58-424D-8380-47EA6D9C7B5F}.Debug|Win32.Build.0 = Debug|Win32
		{36FE1736-7E58-424D-8380-47EA6D9C7B5F}.Release|Win32.ActiveCfg = Release|Win32
		{36FE1736-7E58-424D-8380-47EA6D9C7B5F}.Release|Win32.Build.0 = Release|Win32
	EndGlobalSection
	GlobalSection(SolutionProperties) = preSolution
		HideSolutionNode = FALSE
	EndGlobalSection
	GlobalSection(NestedProjects) = preSolution
		{DF1C047C-31A1-48A2-987D-F190C66A3DFD} = {285A8398-0000-4572-B20E-F9624BD3063D}
		{70A11368-0D0D-41E1-8859-24E6F10A6BB4} = {285A8398-0000-4572-B20E-F9624BD3063D}
		{2102BE64-FD0B-493B-A2BB-4C41B594E817} = {285A8398-0000-4572-B20E-F9624BD3063D}
		{94C9D950-1C28-40A7-B179-B072FC54639A} = {285A8398-0000-4572-B20E-F9624BD3063D}
		{5966CDF9-D58F-41B7-8532-73AEB0CED55F} = {285A8398-0000-4572-B20E-F9624BD3063D}
		{616DEB2E-4110-41EB-AB53-0CD2F9CA0E6A} = {285A8398-0000-4572-B20E-F9624BD3063D}
		{A0E478E0-0DF6-481B-961A-6DFEE359523E} = {285A8398-0000-4572-B20E-F9624BD3063D}
		{618DD3DF-B23D-4BFB-9383-E5158DAE9DE9} = {285A8398-0000-4572-B20E-F9624BD3063D}
		{4180E96C-EBBE-4C1B-BECC-EE512F6CD32A} = {285A8398-0000-4572-B20E-F9624BD3063D}
		{37507FF8-9F71-4DEF-BF67-E5467A73509C} = {285A8398-0000-4572-B20E-F9624BD3063D}
		{CFCF1B6C-C2EA-4C1B-8592-9B4670A92444} = {285A8398-0000-4572-B20E-F9624BD3063D}
		{43966C59-ED53-4999-ACCE-B0C728FFABD3} = {285A8398-0000-4572-B20E-F9624BD3063D}
		{C406DAEC-0886-4771-8DEA-9D7329B46CC1} = {285A8398-0000-4572-B20E-F9624BD3063D}
		{36FE1736-7E58-424D-8380-47EA6D9C7B5F} = {285A8398-0000-4572-B20E-F9624BD3063D}
		{DC654090-23BC-485F-8268-9C2A23B2FCB3} = {8A84517E-1247-4E5B-9F0A-2A2A2C314378}
	EndGlobalSection
EndGlobal
