
Microsoft Visual Studio Solution File, Format Version 10.00
# Visual Studio 2008
Project("{8BC9CEB8-8B4A-11D0-8D11-00A0C91BC942}") = "LuaTest", "LuaTest.vcproj", "{C7171F25-DF44-47DB-9A8D-EE505633FE54}"
	ProjectSection(ProjectDependencies) = postProject
		{94C9D950-1C28-40A7-B179-B072FC54639A} = {94C9D950-1C28-40A7-B179-B072FC54639A}
		{2102BE64-FD0B-493B-A2BB-4C41B594E817} = {2102BE64-FD0B-493B-A2BB-4C41B594E817}
		{ADFF21D7-90EB-4F22-83F4-888B14DCB06A} = {ADFF21D7-90EB-4F22-83F4-888B14DCB06A}
		{904E80D8-7E07-4335-B6CE-6AD985BE8052} = {904E80D8-7E07-4335-B6CE-6AD985BE8052}
		{618DD3DF-B23D-4BFB-9383-E5158DAE9DE9} = {618DD3DF-B23D-4BFB-9383-E5158DAE9DE9}
	EndProjectSection
EndProject
Project("{8BC9CEB8-8B4A-11D0-8D11-00A0C91BC942}") = "Script", "..\build\win32\Script.vcproj", "{ADFF21D7-90EB-4F22-83F4-888B14DCB06A}"
EndProject
Project("{8BC9CEB8-8B4A-11D0-8D11-00A0C91BC942}") = "Lua", "..\..\Lua\build\win32\Lua.vcproj", "{904E80D8-7E07-4335-B6CE-6AD985BE8052}"
EndProject
Project("{8BC9CEB8-8B4A-11D0-8D11-00A0C91BC942}") = "Util", "..\..\Util\build\win32\Util.vcproj", "{618DD3DF-B23D-4BFB-9383-E5158DAE9DE9}"
EndProject
Project("{8BC9CEB8-8B4A-11D0-8D11-00A0C91BC942}") = "Memory", "..\..\Memory\build\win32\Memory.vcproj", "{94C9D950-1C28-40A7-B179-B072FC54639A}"
EndProject
Project("{8BC9CEB8-8B4A-11D0-8D11-00A0C91BC942}") = "Math", "..\..\Math\build\win32\Math.vcproj", "{2102BE64-FD0B-493B-A2BB-4C41B594E817}"
EndProject
Global
	GlobalSection(SolutionConfigurationPlatforms) = preSolution
		Debug|Win32 = Debug|Win32
		Release|Win32 = Release|Win32
	EndGlobalSection
	GlobalSection(ProjectConfigurationPlatforms) = postSolution
		{C7171F25-DF44-47DB-9A8D-EE505633FE54}.Debug|Win32.ActiveCfg = Debug|Win32
		{C7171F25-DF44-47DB-9A8D-EE505633FE54}.Debug|Win32.Build.0 = Debug|Win32
		{C7171F25-DF44-47DB-9A8D-EE505633FE54}.Release|Win32.ActiveCfg = Release|Win32
		{C7171F25-DF44-47DB-9A8D-EE505633FE54}.Release|Win32.Build.0 = Release|Win32
		{ADFF21D7-90EB-4F22-83F4-888B14DCB06A}.Debug|Win32.ActiveCfg = Debug|Win32
		{ADFF21D7-90EB-4F22-83F4-888B14DCB06A}.Debug|Win32.Build.0 = Debug|Win32
		{ADFF21D7-90EB-4F22-83F4-888B14DCB06A}.Release|Win32.ActiveCfg = Release|Win32
		{ADFF21D7-90EB-4F22-83F4-888B14DCB06A}.Release|Win32.Build.0 = Release|Win32
		{904E80D8-7E07-4335-B6CE-6AD985BE8052}.Debug|Win32.ActiveCfg = Debug|Win32
		{904E80D8-7E07-4335-B6CE-6AD985BE8052}.Debug|Win32.Build.0 = Debug|Win32
		{904E80D8-7E07-4335-B6CE-6AD985BE8052}.Release|Win32.ActiveCfg = Release|Win32
		{904E80D8-7E07-4335-B6CE-6AD985BE8052}.Release|Win32.Build.0 = Release|Win32
		{618DD3DF-B23D-4BFB-9383-E5158DAE9DE9}.Debug|Win32.ActiveCfg = Debug|Win32
		{618DD3DF-B23D-4BFB-9383-E5158DAE9DE9}.Debug|Win32.Build.0 = Debug|Win32
		{618DD3DF-B23D-4BFB-9383-E5158DAE9DE9}.Release|Win32.ActiveCfg = Release|Win32
		{618DD3DF-B23D-4BFB-9383-E5158DAE9DE9}.Release|Win32.Build.0 = Release|Win32
		{94C9D950-1C28-40A7-B179-B072FC54639A}.Debug|Win32.ActiveCfg = Debug|Win32
		{94C9D950-1C28-40A7-B179-B072FC54639A}.Debug|Win32.Build.0 = Debug|Win32
		{94C9D950-1C28-40A7-B179-B072FC54639A}.Release|Win32.ActiveCfg = Release|Win32
		{94C9D950-1C28-40A7-B179-B072FC54639A}.Release|Win32.Build.0 = Release|Win32
		{2102BE64-FD0B-493B-A2BB-4C41B594E817}.Debug|Win32.ActiveCfg = Debug|Win32
		{2102BE64-FD0B-493B-A2BB-4C41B594E817}.Debug|Win32.Build.0 = Debug|Win32
		{2102BE64-FD0B-493B-A2BB-4C41B594E817}.Release|Win32.ActiveCfg = Release|Win32
		{2102BE64-FD0B-493B-A2BB-4C41B594E817}.Release|Win32.Build.0 = Release|Win32
	EndGlobalSection
	GlobalSection(SolutionProperties) = preSolution
		HideSolutionNode = FALSE
	EndGlobalSection
EndGlobal
